
Microsoft Visual Studio Solution File, Format Version 12.00
# Visual Studio 15
VisualStudioVersion = 15.0.26124.0
MinimumVisualStudioVersion = 15.0.26124.0
Project("{FAE04EC0-301F-11D3-BF4B-00C04F79EFBC}") = "Jellyfin.Plugin.FileHash", "Jellyfin.Plugin.FileHash\Jellyfin.Plugin.FileHash.csproj", "{FB21A956-59DC-405B-9665-DC83AB56192A}"
EndProject
Global
	GlobalSection(SolutionConfigurationPlatforms) = preSolution
		Debug|Any CPU = Debug|Any CPU
		Debug|x64 = Debug|x64
		Debug|x86 = Debug|x86
		Release|Any CPU = Release|Any CPU
		Release|x64 = Release|x64
		Release|x86 = Release|x86
	EndGlobalSection
	GlobalSection(SolutionProperties) = preSolution
		HideSolutionNode = FALSE
	EndGlobalSection
	GlobalSection(ProjectConfigurationPlatforms) = postSolution
		{FB21A956-59DC-405B-9665-DC83AB56192A}.Debug|Any CPU.ActiveCfg = Debug|Any CPU
		{FB21A956-59DC-405B-9665-DC83AB56192A}.Debug|Any CPU.Build.0 = Debug|Any CPU
		{FB21A956-59DC-405B-9665-DC83AB56192A}.Debug|x64.ActiveCfg = Debug|Any CPU
		{FB21A956-59DC-405B-9665-DC83AB56192A}.Debug|x64.Build.0 = Debug|Any CPU
		{FB21A956-59DC-405B-9665-DC83AB56192A}.Debug|x86.ActiveCfg = Debug|Any CPU
		{FB21A956-59DC-405B-9665-DC83AB56192A}.Debug|x86.Build.0 = Debug|Any CPU
		{FB21A956-59DC-405B-9665-DC83AB56192A}.Release|Any CPU.ActiveCfg = Release|Any CPU
		{FB21A956-59DC-405B-9665-DC83AB56192A}.Release|Any CPU.Build.0 = Release|Any CPU
		{FB21A956-59DC-405B-9665-DC83AB56192A}.Release|x64.ActiveCfg = Release|Any CPU
		{FB21A956-59DC-405B-9665-DC83AB56192A}.Release|x64.Build.0 = Release|Any CPU
		{FB21A956-59DC-405B-9665-DC83AB56192A}.Release|x86.ActiveCfg = Release|Any CPU
		{FB21A956-59DC-405B-9665-DC83AB56192A}.Release|x86.Build.0 = Release|Any CPU
	EndGlobalSection
EndGlobal
